
Microsoft Visual Studio Solution File, Format Version 12.00
# Visual Studio Version 17
VisualStudioVersion = 17.4.33110.190
MinimumVisualStudioVersion = 10.0.40219.1
Project("{9A19103F-16F7-4668-BE54-9A1E7A4F7556}") = "BuberDinner.API", "BuberDinner.API\BuberDinner.API.csproj", "{02EA981F-5120-46BF-B9E8-569D872F3128}"
EndProject
Project("{FAE04EC0-301F-11D3-BF4B-00C04F79EFBC}") = "BuberDinner.Contracts", "BuberDinner.Contracts\BuberDinner.Contracts.csproj", "{8D1893D0-70DA-42E1-8142-7579900A58FC}"
EndProject
Project("{FAE04EC0-301F-11D3-BF4B-00C04F79EFBC}") = "BuberDinner.Infrastructure", "BuberDinner.Infrastructure\BuberDinner.Infrastructure.csproj", "{0CEFDF2A-5F33-43A7-B824-284C705A3D22}"
EndProject
Project("{FAE04EC0-301F-11D3-BF4B-00C04F79EFBC}") = "BuberDinner.Application", "BuberDinner.Application\BuberDinner.Application.csproj", "{422E2AA2-A6FE-4D1D-A96C-3A73C524EEA0}"
EndProject
Project("{FAE04EC0-301F-11D3-BF4B-00C04F79EFBC}") = "BuberDinner.Domain", "BuberDinner.Domain\BuberDinner.Domain.csproj", "{23D05B70-45CD-4532-8ADE-5244808CE652}"
EndProject
Global
	GlobalSection(SolutionConfigurationPlatforms) = preSolution
		Debug|Any CPU = Debug|Any CPU
		Release|Any CPU = Release|Any CPU
	EndGlobalSection
	GlobalSection(ProjectConfigurationPlatforms) = postSolution
		{02EA981F-5120-46BF-B9E8-569D872F3128}.Debug|Any CPU.ActiveCfg = Debug|Any CPU
		{02EA981F-5120-46BF-B9E8-569D872F3128}.Debug|Any CPU.Build.0 = Debug|Any CPU
		{02EA981F-5120-46BF-B9E8-569D872F3128}.Release|Any CPU.ActiveCfg = Release|Any CPU
		{02EA981F-5120-46BF-B9E8-569D872F3128}.Release|Any CPU.Build.0 = Release|Any CPU
		{8D1893D0-70DA-42E1-8142-7579900A58FC}.Debug|Any CPU.ActiveCfg = Debug|Any CPU
		{8D1893D0-70DA-42E1-8142-7579900A58FC}.Debug|Any CPU.Build.0 = Debug|Any CPU
		{8D1893D0-70DA-42E1-8142-7579900A58FC}.Release|Any CPU.ActiveCfg = Release|Any CPU
		{8D1893D0-70DA-42E1-8142-7579900A58FC}.Release|Any CPU.Build.0 = Release|Any CPU
		{0CEFDF2A-5F33-43A7-B824-284C705A3D22}.Debug|Any CPU.ActiveCfg = Debug|Any CPU
		{0CEFDF2A-5F33-43A7-B824-284C705A3D22}.Debug|Any CPU.Build.0 = Debug|Any CPU
		{0CEFDF2A-5F33-43A7-B824-284C705A3D22}.Release|Any CPU.ActiveCfg = Release|Any CPU
		{0CEFDF2A-5F33-43A7-B824-284C705A3D22}.Release|Any CPU.Build.0 = Release|Any CPU
		{422E2AA2-A6FE-4D1D-A96C-3A73C524EEA0}.Debug|Any CPU.ActiveCfg = Debug|Any CPU
		{422E2AA2-A6FE-4D1D-A96C-3A73C524EEA0}.Debug|Any CPU.Build.0 = Debug|Any CPU
		{422E2AA2-A6FE-4D1D-A96C-3A73C524EEA0}.Release|Any CPU.ActiveCfg = Release|Any CPU
		{422E2AA2-A6FE-4D1D-A96C-3A73C524EEA0}.Release|Any CPU.Build.0 = Release|Any CPU
		{23D05B70-45CD-4532-8ADE-5244808CE652}.Debug|Any CPU.ActiveCfg = Debug|Any CPU
		{23D05B70-45CD-4532-8ADE-5244808CE652}.Debug|Any CPU.Build.0 = Debug|Any CPU
		{23D05B70-45CD-4532-8ADE-5244808CE652}.Release|Any CPU.ActiveCfg = Release|Any CPU
		{23D05B70-45CD-4532-8ADE-5244808CE652}.Release|Any CPU.Build.0 = Release|Any CPU
	EndGlobalSection
	GlobalSection(SolutionProperties) = preSolution
		HideSolutionNode = FALSE
	EndGlobalSection
	GlobalSection(ExtensibilityGlobals) = postSolution
		SolutionGuid = {B0FB9D4E-D03D-4E0F-847D-F9DA79C175F6}
	EndGlobalSection
EndGlobal
